
Microsoft Visual Studio Solution File, Format Version 12.00
# Visual Studio Version 16
VisualStudioVersion = 16.0.32929.386
MinimumVisualStudioVersion = 10.0.40219.1
Project("{8BC9CEB8-8B4A-11D0-8D11-00A0C91BC942}") = "TernaryXOR", "TernaryXOR.vcxproj", "{7190D82F-935B-49E1-8A0F-68CE9ABEA914}"
EndProject
Global
	GlobalSection(SolutionConfigurationPlatforms) = preSolution
		Debug|x64 = Debug|x64
		Debug|x86 = Debug|x86
		Release|x64 = Release|x64
		Release|x86 = Release|x86
	EndGlobalSection
	GlobalSection(ProjectConfigurationPlatforms) = postSolution
		{7190D82F-935B-49E1-8A0F-68CE9ABEA914}.Debug|x64.ActiveCfg = Debug|x64
		{7190D82F-935B-49E1-8A0F-68CE9ABEA914}.Debug|x64.Build.0 = Debug|x64
		{7190D82F-935B-49E1-8A0F-68CE9ABEA914}.Debug|x86.ActiveCfg = Debug|Win32
		{7190D82F-935B-49E1-8A0F-68CE9ABEA914}.Debug|x86.Build.0 = Debug|Win32
		{7190D82F-935B-49E1-8A0F-68CE9ABEA914}.Release|x64.ActiveCfg = Release|x64
		{7190D82F-935B-49E1-8A0F-68CE9ABEA914}.Release|x64.Build.0 = Release|x64
		{7190D82F-935B-49E1-8A0F-68CE9ABEA914}.Release|x86.ActiveCfg = Release|Win32
		{7190D82F-935B-49E1-8A0F-68CE9ABEA914}.Release|x86.Build.0 = Release|Win32
	EndGlobalSection
	GlobalSection(SolutionProperties) = preSolution
		HideSolutionNode = FALSE
	EndGlobalSection
	GlobalSection(ExtensibilityGlobals) = postSolution
		SolutionGuid = {E6EC61C9-6C6D-4977-BB0D-FA121A2136AB}
	EndGlobalSection
EndGlobal
